{
  "name": "subscription",
  "lockfileVersion": 2,
  "requires": true,
  "packages": {
    "": {
      "dependencies": {
        "jalali-date": "^1.2.0"
      }
    },
    "node_modules/jalali-date": {
      "version": "1.2.0",
      "resolved": "https://registry.npmjs.org/jalali-date/-/jalali-date-1.2.0.tgz",
      "integrity": "sha512-QeqdtOpqP/Ikn30gyV1tqBYmNxzi3WxejFXOFKKR/GHCoCgD8oB0W3zRn2qRG35KvAKKU+/Au+lnMo1K4xglFg=="
    }
  },
  "dependencies": {
    "jalali-date": {
      "version": "1.2.0",
      "resolved": "https://registry.npmjs.org/jalali-date/-/jalali-date-1.2.0.tgz",
      "integrity": "sha512-QeqdtOpqP/Ikn30gyV1tqBYmNxzi3WxejFXOFKKR/GHCoCgD8oB0W3zRn2qRG35KvAKKU+/Au+lnMo1K4xglFg=="
    }
  }
}
